
Microsoft Visual Studio Solution File, Format Version 12.00
# Visual Studio Version 17
VisualStudioVersion = 17.14.36310.24
MinimumVisualStudioVersion = 10.0.40219.1
Project("{FAE04EC0-301F-11D3-BF4B-00C04F79EFBC}") = "Frigorino.Domain", "Frigorino.Domain\Frigorino.Domain.csproj", "{0FB37E0D-ACCC-4938-A95B-BA3A790ECFBE}"
EndProject
Project("{FAE04EC0-301F-11D3-BF4B-00C04F79EFBC}") = "Frigorino.Infrastructure", "Frigorino.Infrastructure\Frigorino.Infrastructure.csproj", "{723325FC-6ADB-4398-A0D5-964815D68841}"
EndProject
Project("{FAE04EC0-301F-11D3-BF4B-00C04F79EFBC}") = "Frigorino.Application", "Frigorino.Application\Frigorino.Application.csproj", "{77AD8110-83F5-496F-B6A7-64D9CCA5C129}"
EndProject
Project("{FAE04EC0-301F-11D3-BF4B-00C04F79EFBC}") = "Frigorino.Web", "Frigorino.Web\Frigorino.Web.csproj", "{468F95EB-759D-C22A-0FCF-E4CB8D7D00E8}"
EndProject
Project("{FAE04EC0-301F-11D3-BF4B-00C04F79EFBC}") = "Frigorino.Test", "Frigorino.Test\Frigorino.Test.csproj", "{F9864036-081D-4055-8B4A-D37D61AAA340}"
EndProject
Project("{FAE04EC0-301F-11D3-BF4B-00C04F79EFBC}") = "Frigorino.IntegrationTests", "Frigorino.IntegrationTests\Frigorino.IntegrationTests.csproj", "{B8CD359E-E5B9-420A-91F4-D999A9BA94FA}"
EndProject
Project("{FAE04EC0-301F-11D3-BF4B-00C04F79EFBC}") = "Frigorino.Features", "Frigorino.Features\Frigorino.Features.csproj", "{EF88615A-7C5C-4D8F-97AD-EFB19118A212}"
EndProject
Global
	GlobalSection(SolutionConfigurationPlatforms) = preSolution
		Debug|Any CPU = Debug|Any CPU
		Debug|x64 = Debug|x64
		Debug|x86 = Debug|x86
		Release|Any CPU = Release|Any CPU
		Release|x64 = Release|x64
		Release|x86 = Release|x86
	EndGlobalSection
	GlobalSection(ProjectConfigurationPlatforms) = postSolution
		{0FB37E0D-ACCC-4938-A95B-BA3A790ECFBE}.Debug|Any CPU.ActiveCfg = Debug|Any CPU
		{0FB37E0D-ACCC-4938-A95B-BA3A790ECFBE}.Debug|Any CPU.Build.0 = Debug|Any CPU
		{0FB37E0D-ACCC-4938-A95B-BA3A790ECFBE}.Debug|x64.ActiveCfg = Debug|Any CPU
		{0FB37E0D-ACCC-4938-A95B-BA3A790ECFBE}.Debug|x64.Build.0 = Debug|Any CPU
		{0FB37E0D-ACCC-4938-A95B-BA3A790ECFBE}.Debug|x86.ActiveCfg = Debug|Any CPU
		{0FB37E0D-ACCC-4938-A95B-BA3A790ECFBE}.Debug|x86.Build.0 = Debug|Any CPU
		{0FB37E0D-ACCC-4938-A95B-BA3A790ECFBE}.Release|Any CPU.ActiveCfg = Release|Any CPU
		{0FB37E0D-ACCC-4938-A95B-BA3A790ECFBE}.Release|Any CPU.Build.0 = Release|Any CPU
		{0FB37E0D-ACCC-4938-A95B-BA3A790ECFBE}.Release|x64.ActiveCfg = Release|Any CPU
		{0FB37E0D-ACCC-4938-A95B-BA3A790ECFBE}.Release|x64.Build.0 = Release|Any CPU
		{0FB37E0D-ACCC-4938-A95B-BA3A790ECFBE}.Release|x86.ActiveCfg = Release|Any CPU
		{0FB37E0D-ACCC-4938-A95B-BA3A790ECFBE}.Release|x86.Build.0 = Release|Any CPU
		{723325FC-6ADB-4398-A0D5-964815D68841}.Debug|Any CPU.ActiveCfg = Debug|Any CPU
		{723325FC-6ADB-4398-A0D5-964815D68841}.Debug|Any CPU.Build.0 = Debug|Any CPU
		{723325FC-6ADB-4398-A0D5-964815D68841}.Debug|x64.ActiveCfg = Debug|Any CPU
		{723325FC-6ADB-4398-A0D5-964815D68841}.Debug|x64.Build.0 = Debug|Any CPU
		{723325FC-6ADB-4398-A0D5-964815D68841}.Debug|x86.ActiveCfg = Debug|Any CPU
		{723325FC-6ADB-4398-A0D5-964815D68841}.Debug|x86.Build.0 = Debug|Any CPU
		{723325FC-6ADB-4398-A0D5-964815D68841}.Release|Any CPU.ActiveCfg = Release|Any CPU
		{723325FC-6ADB-4398-A0D5-964815D68841}.Release|Any CPU.Build.0 = Release|Any CPU
		{723325FC-6ADB-4398-A0D5-964815D68841}.Release|x64.ActiveCfg = Release|Any CPU
		{723325FC-6ADB-4398-A0D5-964815D68841}.Release|x64.Build.0 = Release|Any CPU
		{723325FC-6ADB-4398-A0D5-964815D68841}.Release|x86.ActiveCfg = Release|Any CPU
		{723325FC-6ADB-4398-A0D5-964815D68841}.Release|x86.Build.0 = Release|Any CPU
		{77AD8110-83F5-496F-B6A7-64D9CCA5C129}.Debug|Any CPU.ActiveCfg = Debug|Any CPU
		{77AD8110-83F5-496F-B6A7-64D9CCA5C129}.Debug|Any CPU.Build.0 = Debug|Any CPU
		{77AD8110-83F5-496F-B6A7-64D9CCA5C129}.Debug|x64.ActiveCfg = Debug|Any CPU
		{77AD8110-83F5-496F-B6A7-64D9CCA5C129}.Debug|x64.Build.0 = Debug|Any CPU
		{77AD8110-83F5-496F-B6A7-64D9CCA5C129}.Debug|x86.ActiveCfg = Debug|Any CPU
		{77AD8110-83F5-496F-B6A7-64D9CCA5C129}.Debug|x86.Build.0 = Debug|Any CPU
		{77AD8110-83F5-496F-B6A7-64D9CCA5C129}.Release|Any CPU.ActiveCfg = Release|Any CPU
		{77AD8110-83F5-496F-B6A7-64D9CCA5C129}.Release|Any CPU.Build.0 = Release|Any CPU
		{77AD8110-83F5-496F-B6A7-64D9CCA5C129}.Release|x64.ActiveCfg = Release|Any CPU
		{77AD8110-83F5-496F-B6A7-64D9CCA5C129}.Release|x64.Build.0 = Release|Any CPU
		{77AD8110-83F5-496F-B6A7-64D9CCA5C129}.Release|x86.ActiveCfg = Release|Any CPU
		{77AD8110-83F5-496F-B6A7-64D9CCA5C129}.Release|x86.Build.0 = Release|Any CPU
		{468F95EB-759D-C22A-0FCF-E4CB8D7D00E8}.Debug|Any CPU.ActiveCfg = Debug|Any CPU
		{468F95EB-759D-C22A-0FCF-E4CB8D7D00E8}.Debug|Any CPU.Build.0 = Debug|Any CPU
		{468F95EB-759D-C22A-0FCF-E4CB8D7D00E8}.Debug|x64.ActiveCfg = Debug|Any CPU
		{468F95EB-759D-C22A-0FCF-E4CB8D7D00E8}.Debug|x64.Build.0 = Debug|Any CPU
		{468F95EB-759D-C22A-0FCF-E4CB8D7D00E8}.Debug|x86.ActiveCfg = Debug|Any CPU
		{468F95EB-759D-C22A-0FCF-E4CB8D7D00E8}.Debug|x86.Build.0 = Debug|Any CPU
		{468F95EB-759D-C22A-0FCF-E4CB8D7D00E8}.Release|Any CPU.ActiveCfg = Release|Any CPU
		{468F95EB-759D-C22A-0FCF-E4CB8D7D00E8}.Release|Any CPU.Build.0 = Release|Any CPU
		{468F95EB-759D-C22A-0FCF-E4CB8D7D00E8}.Release|x64.ActiveCfg = Release|Any CPU
		{468F95EB-759D-C22A-0FCF-E4CB8D7D00E8}.Release|x64.Build.0 = Release|Any CPU
		{468F95EB-759D-C22A-0FCF-E4CB8D7D00E8}.Release|x86.ActiveCfg = Release|Any CPU
		{468F95EB-759D-C22A-0FCF-E4CB8D7D00E8}.Release|x86.Build.0 = Release|Any CPU
		{F9864036-081D-4055-8B4A-D37D61AAA340}.Debug|Any CPU.ActiveCfg = Debug|Any CPU
		{F9864036-081D-4055-8B4A-D37D61AAA340}.Debug|Any CPU.Build.0 = Debug|Any CPU
		{F9864036-081D-4055-8B4A-D37D61AAA340}.Debug|x64.ActiveCfg = Debug|Any CPU
		{F9864036-081D-4055-8B4A-D37D61AAA340}.Debug|x64.Build.0 = Debug|Any CPU
		{F9864036-081D-4055-8B4A-D37D61AAA340}.Debug|x86.ActiveCfg = Debug|Any CPU
		{F9864036-081D-4055-8B4A-D37D61AAA340}.Debug|x86.Build.0 = Debug|Any CPU
		{F9864036-081D-4055-8B4A-D37D61AAA340}.Release|Any CPU.ActiveCfg = Release|Any CPU
		{F9864036-081D-4055-8B4A-D37D61AAA340}.Release|Any CPU.Build.0 = Release|Any CPU
		{F9864036-081D-4055-8B4A-D37D61AAA340}.Release|x64.ActiveCfg = Release|Any CPU
		{F9864036-081D-4055-8B4A-D37D61AAA340}.Release|x64.Build.0 = Release|Any CPU
		{F9864036-081D-4055-8B4A-D37D61AAA340}.Release|x86.ActiveCfg = Release|Any CPU
		{F9864036-081D-4055-8B4A-D37D61AAA340}.Release|x86.Build.0 = Release|Any CPU
		{B8CD359E-E5B9-420A-91F4-D999A9BA94FA}.Debug|Any CPU.ActiveCfg = Debug|Any CPU
		{B8CD359E-E5B9-420A-91F4-D999A9BA94FA}.Debug|Any CPU.Build.0 = Debug|Any CPU
		{B8CD359E-E5B9-420A-91F4-D999A9BA94FA}.Debug|x64.ActiveCfg = Debug|Any CPU
		{B8CD359E-E5B9-420A-91F4-D999A9BA94FA}.Debug|x64.Build.0 = Debug|Any CPU
		{B8CD359E-E5B9-420A-91F4-D999A9BA94FA}.Debug|x86.ActiveCfg = Debug|Any CPU
		{B8CD359E-E5B9-420A-91F4-D999A9BA94FA}.Debug|x86.Build.0 = Debug|Any CPU
		{B8CD359E-E5B9-420A-91F4-D999A9BA94FA}.Release|Any CPU.ActiveCfg = Release|Any CPU
		{B8CD359E-E5B9-420A-91F4-D999A9BA94FA}.Release|Any CPU.Build.0 = Release|Any CPU
		{B8CD359E-E5B9-420A-91F4-D999A9BA94FA}.Release|x64.ActiveCfg = Release|Any CPU
		{B8CD359E-E5B9-420A-91F4-D999A9BA94FA}.Release|x64.Build.0 = Release|Any CPU
		{B8CD359E-E5B9-420A-91F4-D999A9BA94FA}.Release|x86.ActiveCfg = Release|Any CPU
		{B8CD359E-E5B9-420A-91F4-D999A9BA94FA}.Release|x86.Build.0 = Release|Any CPU
		{EF88615A-7C5C-4D8F-97AD-EFB19118A212}.Debug|Any CPU.ActiveCfg = Debug|Any CPU
		{EF88615A-7C5C-4D8F-97AD-EFB19118A212}.Debug|Any CPU.Build.0 = Debug|Any CPU
		{EF88615A-7C5C-4D8F-97AD-EFB19118A212}.Debug|x64.ActiveCfg = Debug|Any CPU
		{EF88615A-7C5C-4D8F-97AD-EFB19118A212}.Debug|x64.Build.0 = Debug|Any CPU
		{EF88615A-7C5C-4D8F-97AD-EFB19118A212}.Debug|x86.ActiveCfg = Debug|Any CPU
		{EF88615A-7C5C-4D8F-97AD-EFB19118A212}.Debug|x86.Build.0 = Debug|Any CPU
		{EF88615A-7C5C-4D8F-97AD-EFB19118A212}.Release|Any CPU.ActiveCfg = Release|Any CPU
		{EF88615A-7C5C-4D8F-97AD-EFB19118A212}.Release|Any CPU.Build.0 = Release|Any CPU
		{EF88615A-7C5C-4D8F-97AD-EFB19118A212}.Release|x64.ActiveCfg = Release|Any CPU
		{EF88615A-7C5C-4D8F-97AD-EFB19118A212}.Release|x64.Build.0 = Release|Any CPU
		{EF88615A-7C5C-4D8F-97AD-EFB19118A212}.Release|x86.ActiveCfg = Release|Any CPU
		{EF88615A-7C5C-4D8F-97AD-EFB19118A212}.Release|x86.Build.0 = Release|Any CPU
	EndGlobalSection
	GlobalSection(SolutionProperties) = preSolution
		HideSolutionNode = FALSE
	EndGlobalSection
	GlobalSection(ExtensibilityGlobals) = postSolution
		SolutionGuid = {521EF000-E719-4866-922D-8A03719F10C8}
	EndGlobalSection
EndGlobal
