{
  "version": 1,
  "dependencies": {
    "net10.0": {
      "FirebaseAdmin": {
        "type": "Direct",
        "requested": "[3.5.0, )",
        "resolved": "3.5.0",
        "contentHash": "NL9dWvrGCbgu3VxumjpHXgHsagQswntJNLtgVIgTF/y2ro6e6UpvFuZrlfjsMTzRXJEXqnse3U5rN/6HC5TlFA==",
        "dependencies": {
          "Google.Api.Gax.Rest": "4.13.1",
          "Google.Apis.Auth": "1.73.0"
        }
      },
      "Google.Cloud.Storage.V1": {
        "type": "Direct",
        "requested": "[4.14.0, )",
        "resolved": "4.14.0",
        "contentHash": "CLoAz9BDzqGEXWKWPuUxlk8/wcabsONxCa3MEQzxhbEGoKT1TOT6KnWNl1IhrBGqNw7IWtR/Xg06XHS8JYF1qQ==",
        "dependencies": {
          "Google.Api.Gax.Rest": "[4.12.1, 5.0.0)",
          "Google.Apis.Storage.v1": "[1.71.0.3920, 2.0.0)"
        }
      },
      "Magick.NET-Q8-x64": {
        "type": "Direct",
        "requested": "[14.13.1, )",
        "resolved": "14.13.1",
        "contentHash": "Kmfxbr3hzpTpCkCOE1zt3ecXPElZ3c6Jt77BNxgOlVPXjBvDZjwXKOxp8QCnXuAROXAic1cN9coSorsoIJw2tA==",
        "dependencies": {
          "Magick.NET.Core": "14.13.1"
        }
      },
      "Microsoft.AspNetCore.Authentication.JwtBearer": {
        "type": "Direct",
        "requested": "[10.0.8, )",
        "resolved": "10.0.8",
        "contentHash": "oGnE+X/SN6jdqao9WOkOIfyZ5+a0AtluJWy1Mxndq+kcWG6sx5k6l6tucu8/wJ7o9fHfLgVCzm/c4v/KVgVk6w==",
        "dependencies": {
          "Microsoft.IdentityModel.Protocols.OpenIdConnect": "8.0.1"
        }
      },
      "Microsoft.EntityFrameworkCore": {
        "type": "Direct",
        "requested": "[10.0.8, )",
        "resolved": "10.0.8",
        "contentHash": "EJx+fIBMgBlgD+ublKCn+GTOJkw3UqV7xOjYWBRVdUYyIm8UfvAsmSOPFiIInsWTHyMEYUJ9gCJY1jwX+6UB7w==",
        "dependencies": {
          "Microsoft.EntityFrameworkCore.Abstractions": "10.0.8",
          "Microsoft.EntityFrameworkCore.Analyzers": "10.0.8",
          "Microsoft.Extensions.Caching.Memory": "10.0.8",
          "Microsoft.Extensions.Logging": "10.0.8"
        }
      },
      "Microsoft.EntityFrameworkCore.Relational": {
        "type": "Direct",
        "requested": "[10.0.8, )",
        "resolved": "10.0.8",
        "contentHash": "UU3diAD2wwZveye2rnrwaF/wvJ9tm5iL2fuY9TTap6/iGQK1OO29M1BzXZRlRPVH/dByt5w/pISBSFtyR7hTqw==",
        "dependencies": {
          "Microsoft.EntityFrameworkCore": "10.0.8",
          "Microsoft.Extensions.Caching.Memory": "10.0.8",
          "Microsoft.Extensions.Configuration.Abstractions": "10.0.8",
          "Microsoft.Extensions.Logging": "10.0.8"
        }
      },
      "Microsoft.EntityFrameworkCore.Tools": {
        "type": "Direct",
        "requested": "[10.0.8, )",
        "resolved": "10.0.8",
        "contentHash": "bKtoSviiOUX75jM5bzSnBGPUjb2CfbBHdUDsjYv2X3/G3ZMMG18VpJMMAcP0tD8Xepu+wLl2soNJiWH6XxXWdQ==",
        "dependencies": {
          "Microsoft.EntityFrameworkCore.Design": "8.0.0"
        }
      },
      "Microsoft.Extensions.Configuration.Abstractions": {
        "type": "Direct",
        "requested": "[10.0.8, )",
        "resolved": "10.0.8",
        "contentHash": "I63esIFbL3h5pSt7gXpXOlmcwDmYBUoYNEglKfDPFUqtYvSV84f2l28hO2lfVXsV0wdlplgAM7IVz16matapSg==",
        "dependencies": {
          "Microsoft.Extensions.Primitives": "10.0.8"
        }
      },
      "Microsoft.Extensions.Diagnostics.HealthChecks.Abstractions": {
        "type": "Direct",
        "requested": "[10.0.8, )",
        "resolved": "10.0.8",
        "contentHash": "0j06qq5I1YGSIi4M86UaVITBprvn3bTWKmQiLDNEqnZ2d+UxaFb+tVqemxVzr5lkr6GTR83ExUfSIpCnBaTZFA=="
      },
      "Microsoft.Extensions.Options": {
        "type": "Direct",
        "requested": "[10.0.8, )",
        "resolved": "10.0.8",
        "contentHash": "VBD+131DpTNCNDfA4kIyKTiCySvJGNhwibdWBSdFRu7GMfXLXcXODkgA+KStKbbhzraLglZWUN4nXyHgW4JIRA==",
        "dependencies": {
          "Microsoft.Extensions.DependencyInjection.Abstractions": "10.0.8",
          "Microsoft.Extensions.Primitives": "10.0.8"
        }
      },
      "Npgsql.EntityFrameworkCore.PostgreSQL": {
        "type": "Direct",
        "requested": "[10.0.2, )",
        "resolved": "10.0.2",
        "contentHash": "PsNYgPOSW41Xx19gin7y4EdZAPteWr9Cb01XkdObxOsPzi+mgBupBEN7J7+erXFsROPOILM7MlIoO9QzL8+LGQ==",
        "dependencies": {
          "Microsoft.EntityFrameworkCore": "[10.0.4, 11.0.0)",
          "Microsoft.EntityFrameworkCore.Relational": "[10.0.4, 11.0.0)",
          "Npgsql": "10.0.3"
        }
      },
      "OpenAI": {
        "type": "Direct",
        "requested": "[2.8.0, )",
        "resolved": "2.8.0",
        "contentHash": "KcYpZ9IhuxFD2hGAJlL5vABtkr00CjeJU0SY8CjZQyzvzkzLop8jhdX3iDvteVJg6e3y4TEiY+Kti4gDJAagnA==",
        "dependencies": {
          "System.ClientModel": "1.8.1"
        }
      },
      "SixLabors.ImageSharp": {
        "type": "Direct",
        "requested": "[3.1.12, )",
        "resolved": "3.1.12",
        "contentHash": "iAg6zifihXEFS/t7fiHhZBGAdCp3FavsF4i2ZIDp0JfeYeDVzvmlbY1CNhhIKimaIzrzSi5M/NBFcWvZT2rB/A=="
      },
      "FluentResults": {
        "type": "Transitive",
        "resolved": "4.0.0",
        "contentHash": "wKfdLvDnDVhXlSreU7u/NFNHH6EfoOhAloEID4ePAyk+ZliowKZJvX+aCL4hxhFc9Jj74t62amS4LyOYTjXGCg==",
        "dependencies": {
          "Microsoft.Extensions.Logging.Abstractions": "2.1.1"
        }
      },
      "Google.Api.Gax": {
        "type": "Transitive",
        "resolved": "4.13.1",
        "contentHash": "ujDpZk7O2VqAEIqcSlhH0FKzVpGZWly/qcNjHxpNUrL445Tei9PHnu4V1pwW2WDiMDvo3TpL1Bi4DeU525Afrg==",
        "dependencies": {
          "Microsoft.Bcl.AsyncInterfaces": "6.0.0",
          "Newtonsoft.Json": "13.0.4"
        }
      },
      "Google.Api.Gax.Rest": {
        "type": "Transitive",
        "resolved": "4.13.1",
        "contentHash": "wDfFZXKoHC6sy+Yfub/4cLQOb5ozBVPqDOrxCUAeTfku4d96ILqgzulJSdkPHbiT3oWB3hlYTdJgUwNSJjyo+A==",
        "dependencies": {
          "Google.Api.Gax": "4.13.1",
          "Google.Apis.Auth": "1.73.0",
          "Microsoft.Extensions.DependencyInjection.Abstractions": "6.0.0"
        }
      },
      "Google.Apis": {
        "type": "Transitive",
        "resolved": "1.73.0",
        "contentHash": "TnCjEyV2aCLQ6Zl40OCbEJULDuEkEWc6C/g81KYw5l1PqGo+G7pFZrV+YH8XgUL0JRUanz+IrUp8SsKF4dzkqg==",
        "dependencies": {
          "Google.Apis.Core": "1.73.0"
        }
      },
      "Google.Apis.Auth": {
        "type": "Transitive",
        "resolved": "1.73.0",
        "contentHash": "wEu12uhnRv3zrPBSqv4E2vPH6lYLtc1RPAnU9MJRCMFlBVwZ7Lnq3NfbYXi6VG7EurkYInTaMpeBZkbM/HrAog==",
        "dependencies": {
          "Google.Apis": "1.73.0",
          "Google.Apis.Core": "1.73.0",
          "System.Management": "7.0.2"
        }
      },
      "Google.Apis.Core": {
        "type": "Transitive",
        "resolved": "1.73.0",
        "contentHash": "vSc7CY4KCP7HE4QTElDx/ExnGLbg9kXb89MS6cdvI+0D4sxvTYb16vGtXmF2jSDMV3iDmykSXdIUPTz8TDS6gg==",
        "dependencies": {
          "Newtonsoft.Json": "13.0.4"
        }
      },
      "Google.Apis.Storage.v1": {
        "type": "Transitive",
        "resolved": "1.71.0.3920",
        "contentHash": "jW4i96fvFjtkPOdOo3bfC2Wity0krx3RTCExTksIx9lS/k7HmbF/zfxE1z3VouhrQvwwdEOkrR4TxdxzomJKxQ==",
        "dependencies": {
          "Google.Apis": "1.71.0",
          "Google.Apis.Auth": "1.71.0"
        }
      },
      "Humanizer.Core": {
        "type": "Transitive",
        "resolved": "2.14.1",
        "contentHash": "lQKvtaTDOXnoVJ20ibTuSIOf2i0uO0MPbDhd1jm238I+U/2ZnRENj0cktKZhtchBMtCUSRQ5v4xBCUbKNmyVMw=="
      },
      "Magick.NET.Core": {
        "type": "Transitive",
        "resolved": "14.13.1",
        "contentHash": "BhqOKCLixvj/Ofwe+aRPHqoGdWekvKavsQrivBSuUq0zzzijnIF/OxqVA+GCd6WP46C4PaIfGhR65BPi2M0cKg=="
      },
      "Microsoft.Bcl.AsyncInterfaces": {
        "type": "Transitive",
        "resolved": "6.0.0",
        "contentHash": "UcSjPsst+DfAdJGVDsu346FX0ci0ah+lw3WRtn18NUwEqRt70HaOQ7lI72vy3+1LxtqI3T5GWwV39rQSrCzAeg=="
      },
      "Microsoft.CodeAnalysis.Analyzers": {
        "type": "Transitive",
        "resolved": "3.3.3",
        "contentHash": "j/rOZtLMVJjrfLRlAMckJLPW/1rze9MT1yfWqSIbUPGRu1m1P0fuo9PmqapwsmePfGB5PJrudQLvmUOAMF0DqQ=="
      },
      "Microsoft.CodeAnalysis.Common": {
        "type": "Transitive",
        "resolved": "4.5.0",
        "contentHash": "lwAbIZNdnY0SUNoDmZHkVUwLO8UyNnyyh1t/4XsbFxi4Ounb3xszIYZaWhyj5ZjyfcwqwmtMbE7fUTVCqQEIdQ==",
        "dependencies": {
          "Microsoft.CodeAnalysis.Analyzers": "3.3.3"
        }
      },
      "Microsoft.CodeAnalysis.CSharp": {
        "type": "Transitive",
        "resolved": "4.5.0",
        "contentHash": "cM59oMKAOxvdv76bdmaKPy5hfj+oR+zxikWoueEB7CwTko7mt9sVKZI8Qxlov0C/LuKEG+WQwifepqL3vuTiBQ==",
        "dependencies": {
          "Microsoft.CodeAnalysis.Common": "[4.5.0]"
        }
      },
      "Microsoft.CodeAnalysis.CSharp.Workspaces": {
        "type": "Transitive",
        "resolved": "4.5.0",
        "contentHash": "h74wTpmGOp4yS4hj+EvNzEiPgg/KVs2wmSfTZ81upJZOtPkJsVkgfsgtxxqmAeapjT/vLKfmYV0bS8n5MNVP+g==",
        "dependencies": {
          "Humanizer.Core": "2.14.1",
          "Microsoft.CodeAnalysis.CSharp": "[4.5.0]",
          "Microsoft.CodeAnalysis.Common": "[4.5.0]",
          "Microsoft.CodeAnalysis.Workspaces.Common": "[4.5.0]"
        }
      },
      "Microsoft.CodeAnalysis.Workspaces.Common": {
        "type": "Transitive",
        "resolved": "4.5.0",
        "contentHash": "l4dDRmGELXG72XZaonnOeORyD/T5RpEu5LGHOUIhnv+MmUWDY/m1kWXGwtcgQ5CJ5ynkFiRnIYzTKXYjUs7rbw==",
        "dependencies": {
          "Humanizer.Core": "2.14.1",
          "Microsoft.Bcl.AsyncInterfaces": "6.0.0",
          "Microsoft.CodeAnalysis.Common": "[4.5.0]",
          "System.Composition": "6.0.0"
        }
      },
      "Microsoft.EntityFrameworkCore.Abstractions": {
        "type": "Transitive",
        "resolved": "10.0.8",
        "contentHash": "jbKDXWPZQhuPHygMnwzNOqxBADVcpRVytcKYZsA++QqhPkpF93Ta8o5mbJQGrARSjlkr9WtOaADV97EDMOZ7DA=="
      },
      "Microsoft.EntityFrameworkCore.Analyzers": {
        "type": "Transitive",
        "resolved": "10.0.8",
        "contentHash": "M3BZ8JH8rB6BE7dO2g9iVbrHLnEz9wMXT6q+tDR6Nq3gyP3KmBj5OTiZGxyF3vesjOQNKanYoPGSNBR4kR2llg=="
      },
      "Microsoft.EntityFrameworkCore.Design": {
        "type": "Transitive",
        "resolved": "8.0.0",
        "contentHash": "94reKYu63jg4O75UI3LMJHwOSi8tQ6IfubiZhdnSsWcgtmAuF8OyLfjK/MIxuvaQRJZAF6E747FIuxjOtb8/og==",
        "dependencies": {
          "Humanizer.Core": "2.14.1",
          "Microsoft.CodeAnalysis.CSharp.Workspaces": "4.5.0",
          "Microsoft.EntityFrameworkCore.Relational": "8.0.0",
          "Microsoft.Extensions.DependencyModel": "8.0.0",
          "Mono.TextTemplating": "2.2.1"
        }
      },
      "Microsoft.Extensions.Caching.Abstractions": {
        "type": "Transitive",
        "resolved": "10.0.8",
        "contentHash": "EoK2TwVR1daxmfXUPnvIYZSk5XQjHe45sGekox4kvMt88KQZQhDVzYW5Na5+oNwTuRpE48hipyGJg12F1Tm70w==",
        "dependencies": {
          "Microsoft.Extensions.Primitives": "10.0.8"
        }
      },
      "Microsoft.Extensions.Caching.Memory": {
        "type": "Transitive",
        "resolved": "10.0.8",
        "contentHash": "sYMYQjNprfqPTryuLNnr0/AOtnhlfuZ0ZxyOV0d3AXOEL8j9KV0EbelpZYyIatT2hJiaSGO9XGr5YDRsh22OfQ==",
        "dependencies": {
          "Microsoft.Extensions.Caching.Abstractions": "10.0.8",
          "Microsoft.Extensions.DependencyInjection.Abstractions": "10.0.8",
          "Microsoft.Extensions.Logging.Abstractions": "10.0.8",
          "Microsoft.Extensions.Options": "10.0.8",
          "Microsoft.Extensions.Primitives": "10.0.8"
        }
      },
      "Microsoft.Extensions.DependencyInjection": {
        "type": "Transitive",
        "resolved": "10.0.8",
        "contentHash": "daf62xHIrq8pnE709hgaZZN9tSam9TGGepWe1+bE6V3GEuVwJiMs6ib+38lfMCyAJAHiX0vapxBhsuMSV7U+cg==",
        "dependencies": {
          "Microsoft.Extensions.DependencyInjection.Abstractions": "10.0.8"
        }
      },
      "Microsoft.Extensions.DependencyInjection.Abstractions": {
        "type": "Transitive",
        "resolved": "10.0.8",
        "contentHash": "21nbDV60SRPWGIivsyl6lqBeEJNG1sginhhfWgRrr3Ais7aQ12To25OAHQxgoiJkjqy1aQ6RxpZBGYuTi7Ge6A=="
      },
      "Microsoft.Extensions.DependencyModel": {
        "type": "Transitive",
        "resolved": "8.0.0",
        "contentHash": "NSmDw3K0ozNDgShSIpsZcbFIzBX4w28nDag+TfaQujkXGazBm+lid5onlWoCBy4VsLxqnnKjEBbGSJVWJMf43g=="
      },
      "Microsoft.Extensions.Logging": {
        "type": "Transitive",
        "resolved": "10.0.8",
        "contentHash": "K60JhWC2hN/Gi7TP68tBxSzk5ACWOs7lkmPzsfA8Bcf/IXTajujt2ORMf9rSMk1bsng6Lv4Y3fuxp3bm1+15ug==",
        "dependencies": {
          "Microsoft.Extensions.DependencyInjection": "10.0.8",
          "Microsoft.Extensions.Logging.Abstractions": "10.0.8",
          "Microsoft.Extensions.Options": "10.0.8"
        }
      },
      "Microsoft.Extensions.Logging.Abstractions": {
        "type": "Transitive",
        "resolved": "10.0.8",
        "contentHash": "fdVadZmsC8jRP0KvKy8mO8f6GV/HyBvElfcSxEhd+5FM5boAw/01iSaCto5G3G37ApJira4A3pNaVvBv8cUiLQ==",
        "dependencies": {
          "Microsoft.Extensions.DependencyInjection.Abstractions": "10.0.8"
        }
      },
      "Microsoft.Extensions.Primitives": {
        "type": "Transitive",
        "resolved": "10.0.8",
        "contentHash": "OBPo4nYhMyIbtueoC10CBm6AGAbo/A9IV8QQ/6ryZS7VvmqpGT7hunazeHLxFawRzn3oLOq4jhqhpBX4tfswWQ=="
      },
      "Microsoft.IdentityModel.Abstractions": {
        "type": "Transitive",
        "resolved": "8.0.1",
        "contentHash": "OtlIWcyX01olfdevPKZdIPfBEvbcioDyBiE/Z2lHsopsMD7twcKtlN9kMevHmI5IIPhFpfwCIiR6qHQz1WHUIw=="
      },
      "Microsoft.IdentityModel.JsonWebTokens": {
        "type": "Transitive",
        "resolved": "8.0.1",
        "contentHash": "s6++gF9x0rQApQzOBbSyp4jUaAlwm+DroKfL8gdOHxs83k8SJfUXhuc46rDB3rNXBQ1MVRxqKUrqFhO/M0E97g==",
        "dependencies": {
          "Microsoft.IdentityModel.Tokens": "8.0.1"
        }
      },
      "Microsoft.IdentityModel.Logging": {
        "type": "Transitive",
        "resolved": "8.0.1",
        "contentHash": "UCPF2exZqBXe7v/6sGNiM6zCQOUXXQ9+v5VTb9gPB8ZSUPnX53BxlN78v2jsbIvK9Dq4GovQxo23x8JgWvm/Qg==",
        "dependencies": {
          "Microsoft.IdentityModel.Abstractions": "8.0.1"
        }
      },
      "Microsoft.IdentityModel.Protocols": {
        "type": "Transitive",
        "resolved": "8.0.1",
        "contentHash": "uA2vpKqU3I2mBBEaeJAWPTjT9v1TZrGWKdgK6G5qJd03CLx83kdiqO9cmiK8/n1erkHzFBwU/RphP83aAe3i3g==",
        "dependencies": {
          "Microsoft.IdentityModel.Tokens": "8.0.1"
        }
      },
      "Microsoft.IdentityModel.Protocols.OpenIdConnect": {
        "type": "Transitive",
        "resolved": "8.0.1",
        "contentHash": "AQDbfpL+yzuuGhO/mQhKNsp44pm5Jv8/BI4KiFXR7beVGZoSH35zMV3PrmcfvSTsyI6qrcR898NzUauD6SRigg==",
        "dependencies": {
          "Microsoft.IdentityModel.Protocols": "8.0.1",
          "System.IdentityModel.Tokens.Jwt": "8.0.1"
        }
      },
      "Microsoft.IdentityModel.Tokens": {
        "type": "Transitive",
        "resolved": "8.0.1",
        "contentHash": "kDimB6Dkd3nkW2oZPDkMkVHfQt3IDqO5gL0oa8WVy3OP4uE8Ij+8TXnqg9TOd9ufjsY3IDiGz7pCUbnfL18tjg==",
        "dependencies": {
          "Microsoft.IdentityModel.Logging": "8.0.1"
        }
      },
      "Mono.TextTemplating": {
        "type": "Transitive",
        "resolved": "2.2.1",
        "contentHash": "KZYeKBET/2Z0gY1WlTAK7+RHTl7GSbtvTLDXEZZojUdAPqpQNDL6tHv7VUpqfX5VEOh+uRGKaZXkuD253nEOBQ==",
        "dependencies": {
          "System.CodeDom": "4.4.0"
        }
      },
      "Newtonsoft.Json": {
        "type": "Transitive",
        "resolved": "13.0.4",
        "contentHash": "pdgNNMai3zv51W5aq268sujXUyx7SNdE2bj1wZcWjAQrKMFZV260lbqYop1d2GM67JI1huLRwxo9ZqnfF/lC6A=="
      },
      "Npgsql": {
        "type": "Transitive",
        "resolved": "10.0.3",
        "contentHash": "7nb5YzXuvWWJxB0J8DiyL3we+X4FOctZrt0fIBnucOIaIevFEEwGQVZKtiu9olXdlNAK1eNgqSral6r/jlhI4w==",
        "dependencies": {
          "Microsoft.Extensions.Logging.Abstractions": "10.0.0"
        }
      },
      "System.ClientModel": {
        "type": "Transitive",
        "resolved": "1.8.1",
        "contentHash": "4oUQgw/vaO4FBOk3YsH40hbrjxRED1l95rRLvTMtHXfQxapXya9IfPpm/KgwValFFtYTfYGFOs/qzGmGyexicQ==",
        "dependencies": {
          "Microsoft.Extensions.Logging.Abstractions": "8.0.3",
          "System.Memory.Data": "8.0.1"
        }
      },
      "System.CodeDom": {
        "type": "Transitive",
        "resolved": "7.0.0",
        "contentHash": "GLltyqEsE5/3IE+zYRP5sNa1l44qKl9v+bfdMcwg+M9qnQf47wK3H0SUR/T+3N4JEQXF3vV4CSuuo0rsg+nq2A=="
      },
      "System.Composition": {
        "type": "Transitive",
        "resolved": "6.0.0",
        "contentHash": "d7wMuKQtfsxUa7S13tITC8n1cQzewuhD5iDjZtK2prwFfKVzdYtgrTHgjaV03Zq7feGQ5gkP85tJJntXwInsJA==",
        "dependencies": {
          "System.Composition.AttributedModel": "6.0.0",
          "System.Composition.Convention": "6.0.0",
          "System.Composition.Hosting": "6.0.0",
          "System.Composition.Runtime": "6.0.0",
          "System.Composition.TypedParts": "6.0.0"
        }
      },
      "System.Composition.AttributedModel": {
        "type": "Transitive",
        "resolved": "6.0.0",
        "contentHash": "WK1nSDLByK/4VoC7fkNiFuTVEiperuCN/Hyn+VN30R+W2ijO1d0Z2Qm0ScEl9xkSn1G2MyapJi8xpf4R8WRa/w=="
      },
      "System.Composition.Convention": {
        "type": "Transitive",
        "resolved": "6.0.0",
        "contentHash": "XYi4lPRdu5bM4JVJ3/UIHAiG6V6lWWUlkhB9ab4IOq0FrRsp0F4wTyV4Dj+Ds+efoXJ3qbLqlvaUozDO7OLeXA==",
        "dependencies": {
          "System.Composition.AttributedModel": "6.0.0"
        }
      },
      "System.Composition.Hosting": {
        "type": "Transitive",
        "resolved": "6.0.0",
        "contentHash": "w/wXjj7kvxuHPLdzZ0PAUt++qJl03t7lENmb2Oev0n3zbxyNULbWBlnd5J5WUMMv15kg5o+/TCZFb6lSwfaUUQ==",
        "dependencies": {
          "System.Composition.Runtime": "6.0.0"
        }
      },
      "System.Composition.Runtime": {
        "type": "Transitive",
        "resolved": "6.0.0",
        "contentHash": "qkRH/YBaMPTnzxrS5RDk1juvqed4A6HOD/CwRcDGyPpYps1J27waBddiiq1y93jk2ZZ9wuA/kynM+NO0kb3PKg=="
      },
      "System.Composition.TypedParts": {
        "type": "Transitive",
        "resolved": "6.0.0",
        "contentHash": "iUR1eHrL8Cwd82neQCJ00MpwNIBs4NZgXzrPqx8NJf/k4+mwBO0XCRmHYJT4OLSwDDqh5nBLJWkz5cROnrGhRA==",
        "dependencies": {
          "System.Composition.AttributedModel": "6.0.0",
          "System.Composition.Hosting": "6.0.0",
          "System.Composition.Runtime": "6.0.0"
        }
      },
      "System.IdentityModel.Tokens.Jwt": {
        "type": "Transitive",
        "resolved": "8.0.1",
        "contentHash": "GJw3bYkWpOgvN3tJo5X4lYUeIFA2HD293FPUhKmp7qxS+g5ywAb34Dnd3cDAFLkcMohy5XTpoaZ4uAHuw0uSPQ==",
        "dependencies": {
          "Microsoft.IdentityModel.JsonWebTokens": "8.0.1",
          "Microsoft.IdentityModel.Tokens": "8.0.1"
        }
      },
      "System.Management": {
        "type": "Transitive",
        "resolved": "7.0.2",
        "contentHash": "/qEUN91mP/MUQmJnM5y5BdT7ZoPuVrtxnFlbJ8a3kBJGhe2wCzBfnPFtK2wTtEEcf3DMGR9J00GZZfg6HRI6yA==",
        "dependencies": {
          "System.CodeDom": "7.0.0"
        }
      },
      "System.Memory.Data": {
        "type": "Transitive",
        "resolved": "8.0.1",
        "contentHash": "BVYuec3jV23EMRDeR7Dr1/qhx7369dZzJ9IWy2xylvb4YfXsrUxspWc4UWYid/tj4zZK58uGZqn2WQiaDMhmAg=="
      },
      "frigorino.domain": {
        "type": "Project",
        "dependencies": {
          "FluentResults": "[4.0.0, )"
        }
      }
    }
  }
}